# THIS IS AN AUTOGENERATED FILE. DO NOT EDIT THIS FILE DIRECTLY.
# yarn lockfile v1


"@babel/runtime@^7.3.1":
  version "7.8.4"
  resolved "https://registry.yarnpkg.com/@babel/runtime/-/runtime-7.8.4.tgz#d79f5a2040f7caa24d53e563aad49cbc05581308"
  integrity sha512-neAp3zt80trRVBI1x0azq6c57aNBqYZH8KhMm3TaB7wEI5Q4A2SHfBHE8w9gOhI/lrqxtEbXZgQIrHP+wvSGwQ==
  dependencies:
    regenerator-runtime "^0.13.2"

"@hapi/address@^2.1.2":
  version "2.1.4"
  resolved "https://registry.yarnpkg.com/@hapi/address/-/address-2.1.4.tgz#5d67ed43f3fd41a69d4b9ff7b56e7c0d1d0a81e5"
  integrity sha512-QD1PhQk+s31P1ixsX0H0Suoupp3VMXzIVMSwobR3F3MSUO2YCV0B7xqLcUw/Bh8yuvd3LhpyqLQWTNcRmp6IdQ==

"@hapi/formula@^1.2.0":
  version "1.2.0"
  resolved "https://registry.yarnpkg.com/@hapi/formula/-/formula-1.2.0.tgz#994649c7fea1a90b91a0a1e6d983523f680e10cd"
  integrity sha512-UFbtbGPjstz0eWHb+ga/GM3Z9EzqKXFWIbSOFURU0A/Gku0Bky4bCk9/h//K2Xr3IrCfjFNhMm4jyZ5dbCewGA==

"@hapi/hoek@^8.2.4", "@hapi/hoek@^8.3.0":
  version "8.5.0"
  resolved "https://registry.yarnpkg.com/@hapi/hoek/-/hoek-8.5.0.tgz#2f9ce301c8898e1c3248b0a8564696b24d1a9a5a"
  integrity sha512-7XYT10CZfPsH7j9F1Jmg1+d0ezOux2oM2GfArAzLwWe4mE2Dr3hVjsAL6+TFY49RRJlCdJDMw3nJsLFroTc8Kw==

"@hapi/joi@^16.1.7":
  version "16.1.8"
  resolved "https://registry.yarnpkg.com/@hapi/joi/-/joi-16.1.8.tgz#84c1f126269489871ad4e2decc786e0adef06839"
  integrity sha512-wAsVvTPe+FwSrsAurNt5vkg3zo+TblvC5Bb1zMVK6SJzZqw9UrJnexxR+76cpePmtUZKHAPxcQ2Bf7oVHyahhg==
  dependencies:
    "@hapi/address" "^2.1.2"
    "@hapi/formula" "^1.2.0"
    "@hapi/hoek" "^8.2.4"
    "@hapi/pinpoint" "^1.0.2"
    "@hapi/topo" "^3.1.3"

"@hapi/pinpoint@^1.0.2":
  version "1.0.2"
  resolved "https://registry.yarnpkg.com/@hapi/pinpoint/-/pinpoint-1.0.2.tgz#025b7a36dbbf4d35bf1acd071c26b20ef41e0d13"
  integrity sha512-dtXC/WkZBfC5vxscazuiJ6iq4j9oNx1SHknmIr8hofarpKUZKmlUVYVIhNVzIEgK5Wrc4GMHL5lZtt1uS2flmQ==

"@hapi/topo@^3.1.3":
  version "3.1.6"
  resolved "https://registry.yarnpkg.com/@hapi/topo/-/topo-3.1.6.tgz#68d935fa3eae7fdd5ab0d7f953f3205d8b2bfc29"
  integrity sha512-tAag0jEcjwH+P2quUfipd7liWCNX2F8NvYjQp2wtInsZxnMlypdw0FtAOLxtvvkO+GSRRbmNi8m/5y42PQJYCQ==
  dependencies:
    "@hapi/hoek" "^8.3.0"

abs@^1.2.1:
  version "1.3.13"
  resolved "https://registry.yarnpkg.com/abs/-/abs-1.3.13.tgz#a495e086d51fc1ef4fd3a30ac56c895d98435f1b"
  integrity sha512-VgsJF4AZDoxLwTRx+TlZ6gpHfSaRUcg1Vhyruqxzpr6lTmh3JMO9667AHAVUGHUD3Li9QqjX2WaTXR6pkGFU+Q==
  dependencies:
    ul "^5.0.0"

argparse@^1.0.7:
  version "1.0.10"
  resolved "https://registry.yarnpkg.com/argparse/-/argparse-1.0.10.tgz#bcd6791ea5ae09725e17e5ad988134cd40b3d911"
  integrity sha512-o5Roy6tNG4SL/FOkCAN6RzjiakZS25RLYFrcMttJqbdd8BWrnA+fGz57iN5Pb06pvBGvl5gQ0B48dJlslXvoTg==
  dependencies:
    sprintf-js "~1.0.2"

ascii-table@0.0.9:
  version "0.0.9"
  resolved "https://registry.yarnpkg.com/ascii-table/-/ascii-table-0.0.9.tgz#06a6604d6a55d4bf41a9a47d9872d7a78da31e73"
  integrity sha1-BqZgTWpV1L9BqaR9mHLXp42jHnM=

async-limiter@~1.0.0:
  version "1.0.1"
  resolved "https://registry.yarnpkg.com/async-limiter/-/async-limiter-1.0.1.tgz#dd379e94f0db8310b08291f9d64c3209766617fd"
  integrity sha512-csOlWGAcRFJaI6m+F2WKdnMKr4HhdhFVBk0H/QbJFMCr+uO2kwohwXQPxw/9OCxp05r5ghVBFSyioixx3gfkNQ==

bluebird@3.5.1:
  version "3.5.1"
  resolved "https://registry.yarnpkg.com/bluebird/-/bluebird-3.5.1.tgz#d9551f9de98f1fcda1e683d17ee91a0602ee2eb9"
  integrity sha512-MKiLiV+I1AA596t9w1sQJ8jkiSr5+ZKi0WKrYGUn6d1Fx+Ij4tIj+m2WMQSGczs5jZVxV339chE8iwk6F64wjA==

bson@^1.1.1, bson@~1.1.1:
  version "1.1.3"
  resolved "https://registry.yarnpkg.com/bson/-/bson-1.1.3.tgz#aa82cb91f9a453aaa060d6209d0675114a8154d3"
  integrity sha512-TdiJxMVnodVS7r0BdL42y/pqC9cL2iKynVwA0Ho3qbsQYr428veL3l7BQyuqiw+Q5SqqoT0m4srSY/BlZ9AxXg==

capture-stack-trace@^1.0.0:
  version "1.0.1"
  resolved "https://registry.yarnpkg.com/capture-stack-trace/-/capture-stack-trace-1.0.1.tgz#a6c0bbe1f38f3aa0b92238ecb6ff42c344d4135d"
  integrity sha512-mYQLZnx5Qt1JgB1WEiMCf2647plpGeQ2NMR/5L0HNZzGQo4fuSPnK+wjfPnKZV0aiJDgzmWqqkV/g7JD+DW0qw==

core-util-is@~1.0.0:
  version "1.0.2"
  resolved "https://registry.yarnpkg.com/core-util-is/-/core-util-is-1.0.2.tgz#b5fd54220aa2bc5ab57aab7140c940754503c1a7"
  integrity sha1-tf1UIgqivFq1eqtxQMlAdUUDwac=

cpu-stat@^2.0.1:
  version "2.0.1"
  resolved "https://registry.yarnpkg.com/cpu-stat/-/cpu-stat-2.0.1.tgz#501e8d6dd2d44cef5d842939c38d1822c078fcac"
  integrity sha1-UB6NbdLUTO9dhCk5w40YIsB4/Kw=

create-error-class@^3.0.1:
  version "3.0.2"
  resolved "https://registry.yarnpkg.com/create-error-class/-/create-error-class-3.0.2.tgz#06be7abef947a3f14a30fd610671d401bca8b7b6"
  integrity sha1-Br56vvlHo/FKMP1hBnHUAbyot7Y=
  dependencies:
    capture-stack-trace "^1.0.0"

debug@3.1.0:
  version "3.1.0"
  resolved "https://registry.yarnpkg.com/debug/-/debug-3.1.0.tgz#5bb5a0672628b64149566ba16819e61518c67261"
  integrity sha512-OX8XqP7/1a9cqkxYw2yXss15f26NKWBpDXQd0/uK/KPqdQhxbPa994hnzjcE2VqQpDslf55723cKPUOGSmMY3g==
  dependencies:
    ms "2.0.0"

deep-extend@^0.6.0:
  version "0.6.0"
  resolved "https://registry.yarnpkg.com/deep-extend/-/deep-extend-0.6.0.tgz#c4fa7c95404a17a9c3e8ca7e1537312b736330ac"
  integrity sha512-LOHxIOaPYdHlJRtCQfDIVZtfw/ufM8+rVj649RIHzcm/vGwQRXFt6OPqIFWsm2XEMrNIEtWR64sY1LEKD2vAOA==

deffy@^2.2.1, deffy@^2.2.2:
  version "2.2.3"
  resolved "https://registry.yarnpkg.com/deffy/-/deffy-2.2.3.tgz#16671c969a8fc447c76dd6bb0d265dd2d1b9c361"
  integrity sha512-c5JD8Z6V1aBWVzn1+aELL97R1pHCwEjXeU3hZXdigkZkxb9vhgFP162kAxGXl992TtAg0btwQyx7d54CqcQaXQ==
  dependencies:
    typpy "^2.0.0"

define-properties@^1.1.2, define-properties@^1.1.3:
  version "1.1.3"
  resolved "https://registry.yarnpkg.com/define-properties/-/define-properties-1.1.3.tgz#cf88da6cbee26fe6db7094f61d870cbd84cee9f1"
  integrity sha512-3MqfYKj2lLzdMSf8ZIZE/V+Zuy+BgD6f164e8K2w7dgnpKArBDerGYpM46IYYcjnkdPNMjPk9A6VFB8+3SKlXQ==
  dependencies:
    object-keys "^1.0.12"

discord.js@^11.5.1:
  version "11.5.1"
  resolved "https://registry.yarnpkg.com/discord.js/-/discord.js-11.5.1.tgz#910fb9f6410328581093e044cafb661783a4d9e8"
  integrity sha512-tGhV5xaZXE3Z+4uXJb3hYM6gQ1NmnSxp9PClcsSAYFVRzH6AJH74040mO3afPDMWEAlj8XsoPXXTJHTxesqcGw==
  dependencies:
    long "^4.0.0"
    prism-media "^0.0.3"
    snekfetch "^3.6.4"
    tweetnacl "^1.0.0"
    ws "^6.0.0"

dotenv@^8.2.0:
  version "8.2.0"
  resolved "https://registry.yarnpkg.com/dotenv/-/dotenv-8.2.0.tgz#97e619259ada750eea3e4ea3e26bceea5424b16a"
  integrity sha512-8sJ78ElpbDJBHNeBzUbUVLsqKdccaa/BXF1uPTw3GrvQTBgrQrtObr2mUrE38vzYd8cEv+m/JBfDLioYcfXoaw==

duplexer2@^0.1.4:
  version "0.1.4"
  resolved "https://registry.yarnpkg.com/duplexer2/-/duplexer2-0.1.4.tgz#8b12dab878c0d69e3e7891051662a32fc6bddcc1"
  integrity sha1-ixLauHjA1p4+eJEFFmKjL8a93ME=
  dependencies:
    readable-stream "^2.0.2"

err@^1.1.1:
  version "1.1.1"
  resolved "https://registry.yarnpkg.com/err/-/err-1.1.1.tgz#eb928e2e11a316648f782833d0f97258ba43c2f8"
  integrity sha1-65KOLhGjFmSPeCgz0PlyWLpDwvg=
  dependencies:
    typpy "^2.2.0"

error-ex@^1.2.0:
  version "1.3.2"
  resolved "https://registry.yarnpkg.com/error-ex/-/error-ex-1.3.2.tgz#b4ac40648107fdcdcfae242f428bea8a14d4f1bf"
  integrity sha512-7dFHNmqeFSEt2ZBsCriorKnn3Z2pj+fd9kmI6QoWw4//DL+icEBfc0U7qJCisqrTsKTjw4fNFy2pW9OqStD84g==
  dependencies:
    is-arrayish "^0.2.1"

es-abstract@^1.17.0-next.1:
  version "1.17.4"
  resolved "https://registry.yarnpkg.com/es-abstract/-/es-abstract-1.17.4.tgz#e3aedf19706b20e7c2594c35fc0d57605a79e184"
  integrity sha512-Ae3um/gb8F0mui/jPL+QiqmglkUsaQf7FwBEHYIFkztkneosu9imhqHpBzQ3h1vit8t5iQ74t6PEVvphBZiuiQ==
  dependencies:
    es-to-primitive "^1.2.1"
    function-bind "^1.1.1"
    has "^1.0.3"
    has-symbols "^1.0.1"
    is-callable "^1.1.5"
    is-regex "^1.0.5"
    object-inspect "^1.7.0"
    object-keys "^1.1.1"
    object.assign "^4.1.0"
    string.prototype.trimleft "^2.1.1"
    string.prototype.trimright "^2.1.1"

es-to-primitive@^1.2.1:
  version "1.2.1"
  resolved "https://registry.yarnpkg.com/es-to-primitive/-/es-to-primitive-1.2.1.tgz#e55cd4c9cdc188bcefb03b366c736323fc5c898a"
  integrity sha512-QCOllgZJtaUo9miYBcLChTUaHNjJF3PYs1VidD7AwiEj1kYxKeQTctLAezAOH5ZKRH0g2IgPn6KwB4IT8iRpvA==
  dependencies:
    is-callable "^1.1.4"
    is-date-object "^1.0.1"
    is-symbol "^1.0.2"

esprima@^4.0.0:
  version "4.0.1"
  resolved "https://registry.yarnpkg.com/esprima/-/esprima-4.0.1.tgz#13b04cdb3e6c5d19df91ab6987a8695619b0aa71"
  integrity sha512-eGuFFw7Upda+g4p+QHvnW0RyTX/SVeJBDM/gCtMARO0cLuT2HcEKnTPvhjV6aGeqrCB/sbNop0Kszm0jsaWU4A==

exec-limiter@^3.0.0:
  version "3.2.12"
  resolved "https://registry.yarnpkg.com/exec-limiter/-/exec-limiter-3.2.12.tgz#8957ee926ee1f3b5a0954325408aef8561aecb50"
  integrity sha512-2Bj2X3UmPQHIPtYkDW5epEHn1aTtGxP30x8Be6IzXzQzyuavlOdKI4wT56iEt9UUfvI421AHAHHnV+lBIvCcVA==
  dependencies:
    limit-it "^3.0.0"
    typpy "^2.1.0"

figlet@^1.2.4:
  version "1.2.4"
  resolved "https://registry.yarnpkg.com/figlet/-/figlet-1.2.4.tgz#2d2f48b61a77418ba6cbd9db2e25da27efee16d0"
  integrity sha512-mv8YA9RruB4C5QawPaD29rEVx3N97ZTyNrE4DAfbhuo6tpcMdKnPVo8MlyT3RP5uPcg5M14bEJBq7kjFf4kAWg==

fs@0.0.1-security:
  version "0.0.1-security"
  resolved "https://registry.yarnpkg.com/fs/-/fs-0.0.1-security.tgz#8a7bd37186b6dddf3813f23858b57ecaaf5e41d4"
  integrity sha1-invTcYa23d84E/I4WLV+yq9eQdQ=

function-bind@^1.1.1:
  version "1.1.1"
  resolved "https://registry.yarnpkg.com/function-bind/-/function-bind-1.1.1.tgz#a56899d3ea3c9bab874bb9773b7c5ede92f4895d"
  integrity sha512-yIovAzMX49sF8Yl58fSCWJ5svSLuaibPxXQJFLmBObTuCr0Mf1KiPopGM9NiFjiYBCbfaa2Fh6breQ6ANVTI0A==

function.name@^1.0.3:
  version "1.0.12"
  resolved "https://registry.yarnpkg.com/function.name/-/function.name-1.0.12.tgz#34eec84476d9fb67977924a4cdcb98ec85695726"
  integrity sha512-C7Tu+rAFrWW5RjXqtKtXp2xOdCujq+4i8ZH3w0uz/xrYHBwXZrPt96x8cDAEHrIjeyEv/Jm6iDGyqupbaVQTlw==
  dependencies:
    noop6 "^1.0.1"

git-package-json@^1.4.0:
  version "1.4.9"
  resolved "https://registry.yarnpkg.com/git-package-json/-/git-package-json-1.4.9.tgz#5386d9e62e97d8b9390fd4d4000872516e3b3552"
  integrity sha512-F88a40RBqCS6S7layrE4LIhX5TIVYyUJRYxZjAPPLfCZu9zf0R5B3l3wIY8A7hFb3xAU6Df/AHVMoBQ9SaR1Jw==
  dependencies:
    deffy "^2.2.1"
    err "^1.1.1"
    gry "^5.0.0"
    normalize-package-data "^2.3.5"
    oargv "^3.4.1"
    one-by-one "^3.1.0"
    r-json "^1.2.1"
    r-package-json "^1.0.0"
    tmp "0.0.28"

git-source@^1.1.0:
  version "1.1.9"
  resolved "https://registry.yarnpkg.com/git-source/-/git-source-1.1.9.tgz#c5a0aeb2e2be31a2dcacc856eb3c92b77baa3d87"
  integrity sha512-LRWKxFrt1lIrEAdRMrCk9sGbEYQdf3TwDe9pEwR8DMau+2dljQjqqwITJqhYIbA0TkFaxatOXzLhBWW89ZMO7w==
  dependencies:
    git-url-parse "^5.0.1"

git-up@^1.0.0:
  version "1.2.1"
  resolved "https://registry.yarnpkg.com/git-up/-/git-up-1.2.1.tgz#264480a006b1d84261ac1fe09a3a5169c57ea19d"
  integrity sha1-JkSAoAax2EJhrB/gmjpRacV+oZ0=
  dependencies:
    is-ssh "^1.0.0"
    parse-url "^1.0.0"

git-url-parse@^5.0.1:
  version "5.0.1"
  resolved "https://registry.yarnpkg.com/git-url-parse/-/git-url-parse-5.0.1.tgz#fe3d79c6746ae05048cfa508c81e79dddbba3843"
  integrity sha1-/j15xnRq4FBIz6UIyB553du6OEM=
  dependencies:
    git-up "^1.0.0"

got@^5.0.0:
  version "5.7.1"
  resolved "https://registry.yarnpkg.com/got/-/got-5.7.1.tgz#5f81635a61e4a6589f180569ea4e381680a51f35"
  integrity sha1-X4FjWmHkplifGAVp6k44FoClHzU=
  dependencies:
    create-error-class "^3.0.1"
    duplexer2 "^0.1.4"
    is-redirect "^1.0.0"
    is-retry-allowed "^1.0.0"
    is-stream "^1.0.0"
    lowercase-keys "^1.0.0"
    node-status-codes "^1.0.0"
    object-assign "^4.0.1"
    parse-json "^2.1.0"
    pinkie-promise "^2.0.0"
    read-all-stream "^3.0.0"
    readable-stream "^2.0.5"
    timed-out "^3.0.0"
    unzip-response "^1.0.2"
    url-parse-lax "^1.0.0"

gry@^5.0.0:
  version "5.0.8"
  resolved "https://registry.yarnpkg.com/gry/-/gry-5.0.8.tgz#73c0d246fba4ce6e7924779670088a7d67222e7a"
  integrity sha512-meq9ZjYVpLzZh3ojhTg7IMad9grGsx6rUUKHLqPnhLXzJkRQvEL2U3tQpS5/WentYTtHtxkT3Ew/mb10D6F6/g==
  dependencies:
    abs "^1.2.1"
    exec-limiter "^3.0.0"
    one-by-one "^3.0.0"
    ul "^5.0.0"

has-symbols@^1.0.0, has-symbols@^1.0.1:
  version "1.0.1"
  resolved "https://registry.yarnpkg.com/has-symbols/-/has-symbols-1.0.1.tgz#9f5214758a44196c406d9bd76cebf81ec2dd31e8"
  integrity sha512-PLcsoqu++dmEIZB+6totNFKq/7Do+Z0u4oT0zKOJNl3lYK6vGwwu2hjHs+68OEZbTjiUE9bgOABXbP/GvrS0Kg==

has@^1.0.3:
  version "1.0.3"
  resolved "https://registry.yarnpkg.com/has/-/has-1.0.3.tgz#722d7cbfc1f6aa8241f16dd814e011e1f41e8796"
  integrity sha512-f2dvO0VU6Oej7RkWJGrehjbzMAjFp5/VKPp5tTpWIV4JHHZK1/BxbFRtf/siA2SWTe09caDmVtYYzWEIbBS4zw==
  dependencies:
    function-bind "^1.1.1"

hosted-git-info@^2.1.4:
  version "2.8.5"
  resolved "https://registry.yarnpkg.com/hosted-git-info/-/hosted-git-info-2.8.5.tgz#759cfcf2c4d156ade59b0b2dfabddc42a6b9c70c"
  integrity sha512-kssjab8CvdXfcXMXVcvsXum4Hwdq9XGtRD3TteMEvEbq0LXyiNQr6AprqKqfeaDXze7SxWvRxdpwE6ku7ikLkg==

i18next-node-fs-backend@^2.1.3:
  version "2.1.3"
  resolved "https://registry.yarnpkg.com/i18next-node-fs-backend/-/i18next-node-fs-backend-2.1.3.tgz#483fa9eda4c152d62a3a55bcae2a5727ba887559"
  integrity sha512-CreMFiVl3ChlMc5ys/e0QfuLFOZyFcL40Jj6jaKD6DxZ/GCUMxPI9BpU43QMWUgC7r+PClpxg2cGXAl0CjG04g==
  dependencies:
    js-yaml "3.13.1"
    json5 "2.0.0"

i18next@^19.0.0:
  version "19.1.0"
  resolved "https://registry.yarnpkg.com/i18next/-/i18next-19.1.0.tgz#fe1a1da3d208872946307c7d2d115da45d46159f"
  integrity sha512-ISbmukX4L6Dz0QoH9+EW1AnBw7j+NRLoMu9uLPMaNSSTP9Eie9/oUL0dOyWX15baB3gYOpkHJpGZRHOqcnl0ew==
  dependencies:
    "@babel/runtime" "^7.3.1"

inherits@2.0.3:
  version "2.0.3"
  resolved "https://registry.yarnpkg.com/inherits/-/inherits-2.0.3.tgz#633c2c83e3da42a502f52466022480f4208261de"
  integrity sha1-Yzwsg+PaQqUC9SRmAiSA9CCCYd4=

inherits@^2.0.3, inherits@~2.0.3:
  version "2.0.4"
  resolved "https://registry.yarnpkg.com/inherits/-/inherits-2.0.4.tgz#0fa2c64f932917c3433a0ded55363aae37416b7c"
  integrity sha512-k/vGaX4/Yla3WzyMCvTQOXYeIHvqOKtnqBduzTHpzpQZzAskKMhZ2K+EnBiSM9zGSoIFeMpXKxa4dYeZIQqewQ==

ini@~1.3.0:
  version "1.3.5"
  resolved "https://registry.yarnpkg.com/ini/-/ini-1.3.5.tgz#eee25f56db1c9ec6085e0c22778083f596abf927"
  integrity sha512-RZY5huIKCMRWDUqZlEi72f/lmXKMvuszcMBduliQ3nnWbx9X/ZBQO7DijMEYS9EhHBb2qacRUMtC7svLwe0lcw==

intl@^1.2.5:
  version "1.2.5"
  resolved "https://registry.yarnpkg.com/intl/-/intl-1.2.5.tgz#82244a2190c4e419f8371f5aa34daa3420e2abde"
  integrity sha1-giRKIZDE5Bn4Nx9ao02qNCDiq94=

is-arguments@^1.0.4:
  version "1.0.4"
  resolved "https://registry.yarnpkg.com/is-arguments/-/is-arguments-1.0.4.tgz#3faf966c7cba0ff437fb31f6250082fcf0448cf3"
  integrity sha512-xPh0Rmt8NE65sNzvyUmWgI1tz3mKq74lGA0mL8LYZcoIzKOzDh6HmrYm3d18k60nHerC8A9Km8kYu87zfSFnLA==

is-arrayish@^0.2.1:
  version "0.2.1"
  resolved "https://registry.yarnpkg.com/is-arrayish/-/is-arrayish-0.2.1.tgz#77c99840527aa8ecb1a8ba697b80645a7a926a9d"
  integrity sha1-d8mYQFJ6qOyxqLppe4BkWnqSap0=

is-callable@^1.1.4, is-callable@^1.1.5:
  version "1.1.5"
  resolved "https://registry.yarnpkg.com/is-callable/-/is-callable-1.1.5.tgz#f7e46b596890456db74e7f6e976cb3273d06faab"
  integrity sha512-ESKv5sMCJB2jnHTWZ3O5itG+O128Hsus4K4Qh1h2/cgn2vbgnLSVqfV46AeJA9D5EeeLa9w81KUXMtn34zhX+Q==

is-date-object@^1.0.1:
  version "1.0.2"
  resolved "https://registry.yarnpkg.com/is-date-object/-/is-date-object-1.0.2.tgz#bda736f2cd8fd06d32844e7743bfa7494c3bfd7e"
  integrity sha512-USlDT524woQ08aoZFzh3/Z6ch9Y/EWXEHQ/AaRN0SkKq4t2Jw2R2339tSXmwuVoY7LLlBCbOIlx2myP/L5zk0g==

is-generator-function@^1.0.7:
  version "1.0.7"
  resolved "https://registry.yarnpkg.com/is-generator-function/-/is-generator-function-1.0.7.tgz#d2132e529bb0000a7f80794d4bdf5cd5e5813522"
  integrity sha512-YZc5EwyO4f2kWCax7oegfuSr9mFz1ZvieNYBEjmukLxgXfBUbxAWGVF7GZf0zidYtoBl3WvC07YK0wT76a+Rtw==

is-redirect@^1.0.0:
  version "1.0.0"
  resolved "https://registry.yarnpkg.com/is-redirect/-/is-redirect-1.0.0.tgz#1d03dded53bd8db0f30c26e4f95d36fc7c87dc24"
  integrity sha1-HQPd7VO9jbDzDCbk+V02/HyH3CQ=

is-regex@^1.0.5:
  version "1.0.5"
  resolved "https://registry.yarnpkg.com/is-regex/-/is-regex-1.0.5.tgz#39d589a358bf18967f726967120b8fc1aed74eae"
  integrity sha512-vlKW17SNq44owv5AQR3Cq0bQPEb8+kF3UKZ2fiZNOWtztYE5i0CzCZxFDwO58qAOWtxdBRVO/V5Qin1wjCqFYQ==
  dependencies:
    has "^1.0.3"

is-retry-allowed@^1.0.0:
  version "1.2.0"
  resolved "https://registry.yarnpkg.com/is-retry-allowed/-/is-retry-allowed-1.2.0.tgz#d778488bd0a4666a3be8a1482b9f2baafedea8b4"
  integrity sha512-RUbUeKwvm3XG2VYamhJL1xFktgjvPzL0Hq8C+6yrWIswDy3BIXGqCxhxkc30N9jqK311gVU137K8Ei55/zVJRg==

is-ssh@^1.0.0, is-ssh@^1.3.0:
  version "1.3.1"
  resolved "https://registry.yarnpkg.com/is-ssh/-/is-ssh-1.3.1.tgz#f349a8cadd24e65298037a522cf7520f2e81a0f3"
  integrity sha512-0eRIASHZt1E68/ixClI8bp2YK2wmBPVWEismTs6M+M099jKgrzl/3E976zIbImSIob48N2/XGe9y7ZiYdImSlg==
  dependencies:
    protocols "^1.1.0"

is-stream@^1.0.0:
  version "1.1.0"
  resolved "https://registry.yarnpkg.com/is-stream/-/is-stream-1.1.0.tgz#12d4a3dd4e68e0b79ceb8dbc84173ae80d91ca44"
  integrity sha1-EtSj3U5o4Lec6428hBc66A2RykQ=

is-symbol@^1.0.2:
  version "1.0.3"
  resolved "https://registry.yarnpkg.com/is-symbol/-/is-symbol-1.0.3.tgz#38e1014b9e6329be0de9d24a414fd7441ec61937"
  integrity sha512-OwijhaRSgqvhm/0ZdAcXNZt9lYdKFpcRDT5ULUuYXPoT794UNOdU+gpT6Rzo7b4V2HUl/op6GqY894AZwv9faQ==
  dependencies:
    has-symbols "^1.0.1"

isarray@~1.0.0:
  version "1.0.0"
  resolved "https://registry.yarnpkg.com/isarray/-/isarray-1.0.0.tgz#bb935d48582cba168c06834957a54a3e07124f11"
  integrity sha1-u5NdSFgsuhaMBoNJV6VKPgcSTxE=

iterate-object@^1.1.0:
  version "1.3.3"
  resolved "https://registry.yarnpkg.com/iterate-object/-/iterate-object-1.3.3.tgz#c58e60f7f0caefa2d382027a484b215988a7a296"
  integrity sha512-DximWbkke36cnrSfNJv6bgcB2QOMV9PRD2FiowwzCoMsh8RupFLdbNIzWe+cVDWT+NIMNJgGlB1dGxP6kpzGtA==

js-yaml@3.13.1:
  version "3.13.1"
  resolved "https://registry.yarnpkg.com/js-yaml/-/js-yaml-3.13.1.tgz#aff151b30bfdfa8e49e05da22e7415e9dfa37847"
  integrity sha512-YfbcO7jXDdyj0DGxYVSlSeQNHbD7XPWvrVWeVUujrQEoZzWJIRrCPoyk6kL6IAjAG2IolMK4T0hNUe0HOUs5Jw==
  dependencies:
    argparse "^1.0.7"
    esprima "^4.0.0"

json5@2.0.0:
  version "2.0.0"
  resolved "https://registry.yarnpkg.com/json5/-/json5-2.0.0.tgz#b61abf97aa178c4b5853a66cc8eecafd03045d78"
  integrity sha512-0EdQvHuLm7yJ7lyG5dp7Q3X2ku++BG5ZHaJ5FTnaXpKqDrw4pMxel5Bt3oAYMthnrthFBdnZ1FcsXTPyrQlV0w==
  dependencies:
    minimist "^1.2.0"

kareem@2.3.1:
  version "2.3.1"
  resolved "https://registry.yarnpkg.com/kareem/-/kareem-2.3.1.tgz#def12d9c941017fabfb00f873af95e9c99e1be87"
  integrity sha512-l3hLhffs9zqoDe8zjmb/mAN4B8VT3L56EUvKNqLFVs9YlFA+zx7ke1DO8STAdDyYNkeSo1nKmjuvQeI12So8Xw==

limit-it@^3.0.0:
  version "3.2.9"
  resolved "https://registry.yarnpkg.com/limit-it/-/limit-it-3.2.9.tgz#bf4bb2fb435217c512a7177791b4bdf8a855f282"
  integrity sha512-3cAf+D47VdMrrzLpV3wIyEHoAACc7FonHMz+I8onocXdnWD2zBeicse851NZ9TUeCEyuBM35Cx82mpdx1WLm2A==
  dependencies:
    typpy "^2.0.0"

lodash@^4.17.15:
  version "4.17.15"
  resolved "https://registry.yarnpkg.com/lodash/-/lodash-4.17.15.tgz#b447f6670a0455bbfeedd11392eff330ea097548"
  integrity sha512-8xOcRHvCjnocdS5cpwXQXVzmmh5e5+saE2QGoeQmbKmRS6J3VQppPOIt0MnmE+4xlZoumy0GPG0D0MVIQbNA1A==

long@^4.0.0:
  version "4.0.0"
  resolved "https://registry.yarnpkg.com/long/-/long-4.0.0.tgz#9a7b71cfb7d361a194ea555241c92f7468d5bf28"
  integrity sha512-XsP+KhQif4bjX1kbuSiySJFNAehNxgLb6hPRGJ9QsUr8ajHkuXGdrHmFUTUUXhDwVX2R5bY4JNZEwbUiMhV+MA==

lowercase-keys@^1.0.0:
  version "1.0.1"
  resolved "https://registry.yarnpkg.com/lowercase-keys/-/lowercase-keys-1.0.1.tgz#6f9e30b47084d971a7c820ff15a6c5167b74c26f"
  integrity sha512-G2Lj61tXDnVFFOi8VZds+SoQjtQC3dgokKdDG2mTm1tx4m50NUHBOZSBwQQHyy0V12A0JTG4icfZQH+xPyh8VA==

memory-pager@^1.0.2:
  version "1.5.0"
  resolved "https://registry.yarnpkg.com/memory-pager/-/memory-pager-1.5.0.tgz#d8751655d22d384682741c972f2c3d6dfa3e66b5"
  integrity sha512-ZS4Bp4r/Zoeq6+NLJpP+0Zzm0pR8whtGPf1XExKLJBAczGMnSi3It14OiNCStjQjM6NU1okjQGSxgEZN8eBYKg==

minimist@^1.2.0:
  version "1.2.0"
  resolved "https://registry.yarnpkg.com/minimist/-/minimist-1.2.0.tgz#a35008b20f41383eec1fb914f4cd5df79a264284"
  integrity sha1-o1AIsg9BOD7sH7kU9M1d95omQoQ=

moment-duration-format@^2.3.2:
  version "2.3.2"
  resolved "https://registry.yarnpkg.com/moment-duration-format/-/moment-duration-format-2.3.2.tgz#5fa2b19b941b8d277122ff3f87a12895ec0d6212"
  integrity sha512-cBMXjSW+fjOb4tyaVHuaVE/A5TqkukDWiOfxxAjY+PEqmmBQlLwn+8OzwPiG3brouXKY5Un4pBjAeB6UToXHaQ==

moment@^2.24.0:
  version "2.24.0"
  resolved "https://registry.yarnpkg.com/moment/-/moment-2.24.0.tgz#0d055d53f5052aa653c9f6eb68bb5d12bf5c2b5b"
  integrity sha512-bV7f+6l2QigeBBZSM/6yTNq4P2fNpSWj/0e7jQcy87A8e7o2nAfP/34/2ky5Vw4B9S446EtIhodAzkFCcR4dQg==

mongodb@3.4.1:
  version "3.4.1"
  resolved "https://registry.yarnpkg.com/mongodb/-/mongodb-3.4.1.tgz#0d15e57e0ea0fc85b7a4fb9291b374c2e71652dc"
  integrity sha512-juqt5/Z42J4DcE7tG7UdVaTKmUC6zinF4yioPfpeOSNBieWSK6qCY+0tfGQcHLKrauWPDdMZVROHJOa8q2pWsA==
  dependencies:
    bson "^1.1.1"
    require_optional "^1.0.1"
    safe-buffer "^5.1.2"
  optionalDependencies:
    saslprep "^1.0.0"

mongoose-legacy-pluralize@1.0.2:
  version "1.0.2"
  resolved "https://registry.yarnpkg.com/mongoose-legacy-pluralize/-/mongoose-legacy-pluralize-1.0.2.tgz#3ba9f91fa507b5186d399fb40854bff18fb563e4"
  integrity sha512-Yo/7qQU4/EyIS8YDFSeenIvXxZN+ld7YdV9LqFVQJzTLye8unujAWPZ4NWKfFA+RNjh+wvTWKY9Z3E5XM6ZZiQ==

mongoose@^5.7.10:
  version "5.8.11"
  resolved "https://registry.yarnpkg.com/mongoose/-/mongoose-5.8.11.tgz#4b3813e55d33928dcc4a2c5cf4b8a76041192861"
  integrity sha512-Yz0leNEJsAtNtMTxTDEadacLWt58gaVeBVL3c1Z3vaBoc159aJqlf+T8jaL9mAdBxKndF5YWhh6Q719xac7cjA==
  dependencies:
    bson "~1.1.1"
    kareem "2.3.1"
    mongodb "3.4.1"
    mongoose-legacy-pluralize "1.0.2"
    mpath "0.6.0"
    mquery "3.2.2"
    ms "2.1.2"
    regexp-clone "1.0.0"
    safe-buffer "5.1.2"
    sift "7.0.1"
    sliced "1.0.1"

mpath@0.6.0:
  version "0.6.0"
  resolved "https://registry.yarnpkg.com/mpath/-/mpath-0.6.0.tgz#aa922029fca4f0f641f360e74c5c1b6a4c47078e"
  integrity sha512-i75qh79MJ5Xo/sbhxrDrPSEG0H/mr1kcZXJ8dH6URU5jD/knFxCVqVC/gVSW7GIXL/9hHWlT9haLbCXWOll3qw==

mquery@3.2.2:
  version "3.2.2"
  resolved "https://registry.yarnpkg.com/mquery/-/mquery-3.2.2.tgz#e1383a3951852ce23e37f619a9b350f1fb3664e7"
  integrity sha512-XB52992COp0KP230I3qloVUbkLUxJIu328HBP2t2EsxSFtf4W1HPSOBWOXf1bqxK4Xbb66lfMJ+Bpfd9/yZE1Q==
  dependencies:
    bluebird "3.5.1"
    debug "3.1.0"
    regexp-clone "^1.0.0"
    safe-buffer "5.1.2"
    sliced "1.0.1"

ms@2.0.0:
  version "2.0.0"
  resolved "https://registry.yarnpkg.com/ms/-/ms-2.0.0.tgz#5608aeadfc00be6c2901df5f9861788de0d597c8"
  integrity sha1-VgiurfwAvmwpAd9fmGF4jeDVl8g=

ms@2.1.2:
  version "2.1.2"
  resolved "https://registry.yarnpkg.com/ms/-/ms-2.1.2.tgz#d09d1f357b443f493382a8eb3ccd183872ae6009"
  integrity sha512-sGkPx+VjMtmA6MX27oA4FBFELFCZZ4S4XqeGOXCv68tT+jb3vk/RyaKWP0PTKyWtmLSM0b+adUTEvbs1PEaH2w==

node-fetch@^2.6.0:
  version "2.6.0"
  resolved "https://registry.yarnpkg.com/node-fetch/-/node-fetch-2.6.0.tgz#e633456386d4aa55863f676a7ab0daa8fdecb0fd"
  integrity sha512-8dG4H5ujfvFiqDmVu9fQ5bOHUC15JMjMY/Zumv26oOvvVJjM67KF8koCWIabKQ1GJIa9r2mMZscBq/TbdOcmNA==

node-status-codes@^1.0.0:
  version "1.0.0"
  resolved "https://registry.yarnpkg.com/node-status-codes/-/node-status-codes-1.0.0.tgz#5ae5541d024645d32a58fcddc9ceecea7ae3ac2f"
  integrity sha1-WuVUHQJGRdMqWPzdyc7s6nrjrC8=

noop6@^1.0.1:
  version "1.0.8"
  resolved "https://registry.yarnpkg.com/noop6/-/noop6-1.0.8.tgz#eff06e2e5b3621e9e5618f389d6a2294f76e64ad"
  integrity sha512-+Al5csMVc40I8xRfJsyBcN1IbpyvebOuQmMfxdw+AL6ECELey12ANgNTRhMfTwNIDU4W9W0g8EHLcsb3+3qPFA==

normalize-package-data@^2.3.5:
  version "2.5.0"
  resolved "https://registry.yarnpkg.com/normalize-package-data/-/normalize-package-data-2.5.0.tgz#e66db1838b200c1dfc233225d12cb36520e234a8"
  integrity sha512-/5CMN3T0R4XTj4DcGaexo+roZSdSFW/0AOOTROrjxzCG1wrWXEsGbRKevjlIL+ZDE4sZlJr5ED4YW0yqmkK+eA==
  dependencies:
    hosted-git-info "^2.1.4"
    resolve "^1.10.0"
    semver "2 || 3 || 4 || 5"
    validate-npm-package-license "^3.0.1"

oargv@^3.4.1:
  version "3.4.9"
  resolved "https://registry.yarnpkg.com/oargv/-/oargv-3.4.9.tgz#f49d09473ef74d14530b2bc0977d88018014e207"
  integrity sha512-24Eatdf7OGezTAU0Yw3HaoO9x+GTFnmBkuFHfWEQtVsIKbD7VMHhyIlDMtxxUxfZKPBPHYsTo8UgGwKr4ySewA==
  dependencies:
    iterate-object "^1.1.0"
    ul "^5.0.0"

obj-def@^1.0.0:
  version "1.0.7"
  resolved "https://registry.yarnpkg.com/obj-def/-/obj-def-1.0.7.tgz#6ceb66fc4664dc260b7777d06173066573850661"
  integrity sha512-ahx1PnGDpovRglgczxsKtoYhPhrhYEG1rs3WklAHMTk29DyStqsrGDVISOIGZLF+ewK4m5CFZNuZXIXRQwZUMg==
  dependencies:
    deffy "^2.2.2"

object-assign@^4.0.1:
  version "4.1.1"
  resolved "https://registry.yarnpkg.com/object-assign/-/object-assign-4.1.1.tgz#2109adc7965887cfc05cbbd442cac8bfbb360863"
  integrity sha1-IQmtx5ZYh8/AXLvUQsrIv7s2CGM=

object-inspect@^1.7.0:
  version "1.7.0"
  resolved "https://registry.yarnpkg.com/object-inspect/-/object-inspect-1.7.0.tgz#f4f6bd181ad77f006b5ece60bd0b6f398ff74a67"
  integrity sha512-a7pEHdh1xKIAgTySUGgLMx/xwDZskN1Ud6egYYN3EdRW4ZMPNEDUTF+hwy2LUC+Bl+SyLXANnwz/jyh/qutKUw==

object-keys@^1.0.11, object-keys@^1.0.12, object-keys@^1.1.1:
  version "1.1.1"
  resolved "https://registry.yarnpkg.com/object-keys/-/object-keys-1.1.1.tgz#1c47f272df277f3b1daf061677d9c82e2322c60e"
  integrity sha512-NuAESUOUMrlIXOfHKzD6bpPu3tYt3xvjNdRIQ+FeT0lNb4K8WR70CaDxhuNguS2XG+GjkyMwOzsN5ZktImfhLA==

object.assign@^4.1.0:
  version "4.1.0"
  resolved "https://registry.yarnpkg.com/object.assign/-/object.assign-4.1.0.tgz#968bf1100d7956bb3ca086f006f846b3bc4008da"
  integrity sha512-exHJeq6kBKj58mqGyTQ9DFvrZC/eR6OwxzoM9YRoGBqrXYonaFyGiFMuc9VZrXf7DarreEwMpurG3dd+CNyW5w==
  dependencies:
    define-properties "^1.1.2"
    function-bind "^1.1.1"
    has-symbols "^1.0.0"
    object-keys "^1.0.11"

object.entries@^1.1.0:
  version "1.1.1"
  resolved "https://registry.yarnpkg.com/object.entries/-/object.entries-1.1.1.tgz#ee1cf04153de02bb093fec33683900f57ce5399b"
  integrity sha512-ilqR7BgdyZetJutmDPfXCDffGa0/Yzl2ivVNpbx/g4UeWrCdRnFDUBrKJGLhGieRHDATnyZXWBeCb29k9CJysQ==
  dependencies:
    define-properties "^1.1.3"
    es-abstract "^1.17.0-next.1"
    function-bind "^1.1.1"
    has "^1.0.3"

one-by-one@^3.0.0, one-by-one@^3.1.0:
  version "3.2.7"
  resolved "https://registry.yarnpkg.com/one-by-one/-/one-by-one-3.2.7.tgz#16400cfdeb52cda4ccc7e67361808f1938602150"
  integrity sha512-EFE5hyHMGPcesACi1tT6HRmMK23Q74ujX2gjhfGD9qMkz7CxD1AJd5TmBHIEEzuL7h7hKwWh9n9hJ5ClQJnO/Q==
  dependencies:
    obj-def "^1.0.0"
    sliced "^1.0.1"

os-tmpdir@~1.0.1:
  version "1.0.2"
  resolved "https://registry.yarnpkg.com/os-tmpdir/-/os-tmpdir-1.0.2.tgz#bbe67406c79aa85c5cfec766fe5734555dfa1274"
  integrity sha1-u+Z0BseaqFxc/sdm/lc0VV36EnQ=

package-json-path@^1.0.0:
  version "1.0.8"
  resolved "https://registry.yarnpkg.com/package-json-path/-/package-json-path-1.0.8.tgz#2ce9ce41843e913df00d4b670fea1084b712b5ed"
  integrity sha512-8OCXvm2TmEYoWC7e9AswLC0eoKY3RGbkupbiWa2vaTFaH4vEE3Kr+oeefLVm/7N4me2gYh5SjQYsdwAZLkL87g==
  dependencies:
    abs "^1.2.1"

package-json@^2.3.1:
  version "2.4.0"
  resolved "https://registry.yarnpkg.com/package-json/-/package-json-2.4.0.tgz#0d15bd67d1cbbddbb2ca222ff2edb86bcb31a8bb"
  integrity sha1-DRW9Z9HLvduyyiIv8u24a8sxqLs=
  dependencies:
    got "^5.0.0"
    registry-auth-token "^3.0.1"
    registry-url "^3.0.3"
    semver "^5.1.0"

package.json@^2.0.1:
  version "2.0.1"
  resolved "https://registry.yarnpkg.com/package.json/-/package.json-2.0.1.tgz#f886059d2a49ed076e64883695d73b2b46d21d6d"
  integrity sha1-+IYFnSpJ7QduZIg2ldc7K0bSHW0=
  dependencies:
    git-package-json "^1.4.0"
    git-source "^1.1.0"
    package-json "^2.3.1"

parse-json@^2.1.0:
  version "2.2.0"
  resolved "https://registry.yarnpkg.com/parse-json/-/parse-json-2.2.0.tgz#f480f40434ef80741f8469099f8dea18f55a4dc9"
  integrity sha1-9ID0BDTvgHQfhGkJn43qGPVaTck=
  dependencies:
    error-ex "^1.2.0"

parse-url@^1.0.0:
  version "1.3.11"
  resolved "https://registry.yarnpkg.com/parse-url/-/parse-url-1.3.11.tgz#57c15428ab8a892b1f43869645c711d0e144b554"
  integrity sha1-V8FUKKuKiSsfQ4aWRccR0OFEtVQ=
  dependencies:
    is-ssh "^1.3.0"
    protocols "^1.4.0"

path-parse@^1.0.6:
  version "1.0.6"
  resolved "https://registry.yarnpkg.com/path-parse/-/path-parse-1.0.6.tgz#d62dbb5679405d72c4737ec58600e9ddcf06d24c"
  integrity sha512-GSmOT2EbHrINBf9SR7CDELwlJ8AENk3Qn7OikK4nFYAu3Ote2+JYNVvkpAEQm3/TLNEJFD/xZJjzyxg3KBWOzw==

path@^0.12.7:
  version "0.12.7"
  resolved "https://registry.yarnpkg.com/path/-/path-0.12.7.tgz#d4dc2a506c4ce2197eb481ebfcd5b36c0140b10f"
  integrity sha1-1NwqUGxM4hl+tIHr/NWzbAFAsQ8=
  dependencies:
    process "^0.11.1"
    util "^0.10.3"

pinkie-promise@^2.0.0:
  version "2.0.1"
  resolved "https://registry.yarnpkg.com/pinkie-promise/-/pinkie-promise-2.0.1.tgz#2135d6dfa7a358c069ac9b178776288228450ffa"
  integrity sha1-ITXW36ejWMBprJsXh3YogihFD/o=
  dependencies:
    pinkie "^2.0.0"

pinkie@^2.0.0:
  version "2.0.4"
  resolved "https://registry.yarnpkg.com/pinkie/-/pinkie-2.0.4.tgz#72556b80cfa0d48a974e80e77248e80ed4f7f870"
  integrity sha1-clVrgM+g1IqXToDnckjoDtT3+HA=

prepend-http@^1.0.1:
  version "1.0.4"
  resolved "https://registry.yarnpkg.com/prepend-http/-/prepend-http-1.0.4.tgz#d4f4562b0ce3696e41ac52d0e002e57a635dc6dc"
  integrity sha1-1PRWKwzjaW5BrFLQ4ALlemNdxtw=

prism-media@^0.0.3:
  version "0.0.3"
  resolved "https://registry.yarnpkg.com/prism-media/-/prism-media-0.0.3.tgz#8842d4fae804f099d3b48a9a38e3c2bab6f4855b"
  integrity sha512-c9KkNifSMU/iXT8FFTaBwBMr+rdVcN+H/uNv1o+CuFeTThNZNTOrQ+RgXA1yL/DeLk098duAeRPP3QNPNbhxYQ==

process-nextick-args@~2.0.0:
  version "2.0.1"
  resolved "https://registry.yarnpkg.com/process-nextick-args/-/process-nextick-args-2.0.1.tgz#7820d9b16120cc55ca9ae7792680ae7dba6d7fe2"
  integrity sha512-3ouUOpQhtgrbOa17J7+uxOTpITYWaGP7/AhoR3+A+/1e9skrzelGi/dXzEYyvbxubEF6Wn2ypscTKiKJFFn1ag==

process@^0.11.1:
  version "0.11.10"
  resolved "https://registry.yarnpkg.com/process/-/process-0.11.10.tgz#7332300e840161bda3e69a1d1d91a7d4bc16f182"
  integrity sha1-czIwDoQBYb2j5podHZGn1LwW8YI=

protocols@^1.1.0, protocols@^1.4.0:
  version "1.4.7"
  resolved "https://registry.yarnpkg.com/protocols/-/protocols-1.4.7.tgz#95f788a4f0e979b291ffefcf5636ad113d037d32"
  integrity sha512-Fx65lf9/YDn3hUX08XUc0J8rSux36rEsyiv21ZGUC1mOyeM3lTRpZLcrm8aAolzS4itwVfm7TAPyxC2E5zd6xg==

r-json@^1.2.1:
  version "1.2.9"
  resolved "https://registry.yarnpkg.com/r-json/-/r-json-1.2.9.tgz#0637da3485b0b4492e9ffae85796f8b2f373f600"
  integrity sha512-E5u25XBE7PpZmH5XwtthAmNvSLMTygDQMpcPtCTUBdvwPaqgIYJrxlRQJhG55Sgz7uC0Tuyh5nqNrsDT3uiefA==

r-package-json@^1.0.0:
  version "1.0.8"
  resolved "https://registry.yarnpkg.com/r-package-json/-/r-package-json-1.0.8.tgz#cdcb1f9994e920a1ede6cc9ce474e839b30794ef"
  integrity sha512-y+dKPLBYKcNMY8pNy+m8YLUqeGsEhhOu0wrqfu1yr8yGX+08CzMq2uUV5GSkGA21GcaIyt6lQAiSoD+DFf3/ag==
  dependencies:
    package-json-path "^1.0.0"
    r-json "^1.2.1"

rc@^1.0.1, rc@^1.1.6:
  version "1.2.8"
  resolved "https://registry.yarnpkg.com/rc/-/rc-1.2.8.tgz#cd924bf5200a075b83c188cd6b9e211b7fc0d3ed"
  integrity sha512-y3bGgqKj3QBdxLbLkomlohkvsA8gdAiUQlSBJnBhfn+BPxg4bc62d8TcBW15wavDfgexCgccckhcZvywyQYPOw==
  dependencies:
    deep-extend "^0.6.0"
    ini "~1.3.0"
    minimist "^1.2.0"
    strip-json-comments "~2.0.1"

read-all-stream@^3.0.0:
  version "3.1.0"
  resolved "https://registry.yarnpkg.com/read-all-stream/-/read-all-stream-3.1.0.tgz#35c3e177f2078ef789ee4bfafa4373074eaef4fa"
  integrity sha1-NcPhd/IHjveJ7kv6+kNzB06u9Po=
  dependencies:
    pinkie-promise "^2.0.0"
    readable-stream "^2.0.0"

readable-stream@^2.0.0, readable-stream@^2.0.2, readable-stream@^2.0.5:
  version "2.3.7"
  resolved "https://registry.yarnpkg.com/readable-stream/-/readable-stream-2.3.7.tgz#1eca1cf711aef814c04f62252a36a62f6cb23b57"
  integrity sha512-Ebho8K4jIbHAxnuxi7o42OrZgF/ZTNcsZj6nRKyUmkhLFq8CHItp/fy6hQZuZmP/n3yZ9VBUbp4zz/mX8hmYPw==
  dependencies:
    core-util-is "~1.0.0"
    inherits "~2.0.3"
    isarray "~1.0.0"
    process-nextick-args "~2.0.0"
    safe-buffer "~5.1.1"
    string_decoder "~1.1.1"
    util-deprecate "~1.0.1"

regenerator-runtime@^0.13.2:
  version "0.13.3"
  resolved "https://registry.yarnpkg.com/regenerator-runtime/-/regenerator-runtime-0.13.3.tgz#7cf6a77d8f5c6f60eb73c5fc1955b2ceb01e6bf5"
  integrity sha512-naKIZz2GQ8JWh///G7L3X6LaQUAMp2lvb1rvwwsURe/VXwD6VMfr+/1NuNw3ag8v2kY1aQ/go5SNn79O9JU7yw==

regexp-clone@1.0.0, regexp-clone@^1.0.0:
  version "1.0.0"
  resolved "https://registry.yarnpkg.com/regexp-clone/-/regexp-clone-1.0.0.tgz#222db967623277056260b992626354a04ce9bf63"
  integrity sha512-TuAasHQNamyyJ2hb97IuBEif4qBHGjPHBS64sZwytpLEqtBQ1gPJTnOaQ6qmpET16cK14kkjbazl6+p0RRv0yw==

registry-auth-token@^3.0.1:
  version "3.4.0"
  resolved "https://registry.yarnpkg.com/registry-auth-token/-/registry-auth-token-3.4.0.tgz#d7446815433f5d5ed6431cd5dca21048f66b397e"
  integrity sha512-4LM6Fw8eBQdwMYcES4yTnn2TqIasbXuwDx3um+QRs7S55aMKCBKBxvPXl2RiUjHwuJLTyYfxSpmfSAjQpcuP+A==
  dependencies:
    rc "^1.1.6"
    safe-buffer "^5.0.1"

registry-url@^3.0.3:
  version "3.1.0"
  resolved "https://registry.yarnpkg.com/registry-url/-/registry-url-3.1.0.tgz#3d4ef870f73dde1d77f0cf9a381432444e174942"
  integrity sha1-PU74cPc93h138M+aOBQyRE4XSUI=
  dependencies:
    rc "^1.0.1"

require_optional@^1.0.1:
  version "1.0.1"
  resolved "https://registry.yarnpkg.com/require_optional/-/require_optional-1.0.1.tgz#4cf35a4247f64ca3df8c2ef208cc494b1ca8fc2e"
  integrity sha512-qhM/y57enGWHAe3v/NcwML6a3/vfESLe/sGM2dII+gEO0BpKRUkWZow/tyloNqJyN6kXSl3RyyM8Ll5D/sJP8g==
  dependencies:
    resolve-from "^2.0.0"
    semver "^5.1.0"

resolve-from@^2.0.0:
  version "2.0.0"
  resolved "https://registry.yarnpkg.com/resolve-from/-/resolve-from-2.0.0.tgz#9480ab20e94ffa1d9e80a804c7ea147611966b57"
  integrity sha1-lICrIOlP+h2egKgEx+oUdhGWa1c=

resolve@^1.10.0:
  version "1.15.0"
  resolved "https://registry.yarnpkg.com/resolve/-/resolve-1.15.0.tgz#1b7ca96073ebb52e741ffd799f6b39ea462c67f5"
  integrity sha512-+hTmAldEGE80U2wJJDC1lebb5jWqvTYAfm3YZ1ckk1gBr0MnCqUKlwK1e+anaFljIl+F5tR5IoZcm4ZDA1zMQw==
  dependencies:
    path-parse "^1.0.6"

safe-buffer@5.1.2, safe-buffer@~5.1.0, safe-buffer@~5.1.1:
  version "5.1.2"
  resolved "https://registry.yarnpkg.com/safe-buffer/-/safe-buffer-5.1.2.tgz#991ec69d296e0313747d59bdfd2b745c35f8828d"
  integrity sha512-Gd2UZBJDkXlY7GbJxfsE8/nvKkUEU1G38c1siN6QP6a9PT9MmHB8GnpscSmMJSoF8LOIrt8ud/wPtojys4G6+g==

safe-buffer@^5.0.1, safe-buffer@^5.1.2:
  version "5.2.0"
  resolved "https://registry.yarnpkg.com/safe-buffer/-/safe-buffer-5.2.0.tgz#b74daec49b1148f88c64b68d49b1e815c1f2f519"
  integrity sha512-fZEwUGbVl7kouZs1jCdMLdt95hdIv0ZeHg6L7qPeciMZhZ+/gdesW4wgTARkrFWEpspjEATAzUGPG8N2jJiwbg==

saslprep@^1.0.0:
  version "1.0.3"
  resolved "https://registry.yarnpkg.com/saslprep/-/saslprep-1.0.3.tgz#4c02f946b56cf54297e347ba1093e7acac4cf226"
  integrity sha512-/MY/PEMbk2SuY5sScONwhUDsV2p77Znkb/q3nSVstq/yQzYJOH/Azh29p9oJLsl3LnQwSvZDKagDGBsBwSooag==
  dependencies:
    sparse-bitfield "^3.0.3"

"semver@2 || 3 || 4 || 5", semver@^5.1.0:
  version "5.7.1"
  resolved "https://registry.yarnpkg.com/semver/-/semver-5.7.1.tgz#a954f931aeba508d307bbf069eff0c01c96116f7"
  integrity sha512-sauaDf/PZdVgrLTNYHRtpXa1iRiKcaebiKQ1BJdpQlWH2lCvexQdX55snPFyK7QzpudqbCI0qXFfOasHdyNDGQ==

sift@7.0.1:
  version "7.0.1"
  resolved "https://registry.yarnpkg.com/sift/-/sift-7.0.1.tgz#47d62c50b159d316f1372f8b53f9c10cd21a4b08"
  integrity sha512-oqD7PMJ+uO6jV9EQCl0LrRw1OwsiPsiFQR5AR30heR+4Dl7jBBbDLnNvWiak20tzZlSE1H7RB30SX/1j/YYT7g==

sliced@1.0.1, sliced@^1.0.1:
  version "1.0.1"
  resolved "https://registry.yarnpkg.com/sliced/-/sliced-1.0.1.tgz#0b3a662b5d04c3177b1926bea82b03f837a2ef41"
  integrity sha1-CzpmK10Ewxd7GSa+qCsD+Dei70E=

snekfetch@^3.6.4:
  version "3.6.4"
  resolved "https://registry.yarnpkg.com/snekfetch/-/snekfetch-3.6.4.tgz#d13e80a616d892f3d38daae4289f4d258a645120"
  integrity sha512-NjxjITIj04Ffqid5lqr7XdgwM7X61c/Dns073Ly170bPQHLm6jkmelye/eglS++1nfTWktpP6Y2bFXjdPlQqdw==

sparse-bitfield@^3.0.3:
  version "3.0.3"
  resolved "https://registry.yarnpkg.com/sparse-bitfield/-/sparse-bitfield-3.0.3.tgz#ff4ae6e68656056ba4b3e792ab3334d38273ca11"
  integrity sha1-/0rm5oZWBWuks+eSqzM004JzyhE=
  dependencies:
    memory-pager "^1.0.2"

spdx-correct@^3.0.0:
  version "3.1.0"
  resolved "https://registry.yarnpkg.com/spdx-correct/-/spdx-correct-3.1.0.tgz#fb83e504445268f154b074e218c87c003cd31df4"
  integrity sha512-lr2EZCctC2BNR7j7WzJ2FpDznxky1sjfxvvYEyzxNyb6lZXHODmEoJeFu4JupYlkfha1KZpJyoqiJ7pgA1qq8Q==
  dependencies:
    spdx-expression-parse "^3.0.0"
    spdx-license-ids "^3.0.0"

spdx-exceptions@^2.1.0:
  version "2.2.0"
  resolved "https://registry.yarnpkg.com/spdx-exceptions/-/spdx-exceptions-2.2.0.tgz#2ea450aee74f2a89bfb94519c07fcd6f41322977"
  integrity sha512-2XQACfElKi9SlVb1CYadKDXvoajPgBVPn/gOQLrTvHdElaVhr7ZEbqJaRnJLVNeaI4cMEAgVCeBMKF6MWRDCRA==

spdx-expression-parse@^3.0.0:
  version "3.0.0"
  resolved "https://registry.yarnpkg.com/spdx-expression-parse/-/spdx-expression-parse-3.0.0.tgz#99e119b7a5da00e05491c9fa338b7904823b41d0"
  integrity sha512-Yg6D3XpRD4kkOmTpdgbUiEJFKghJH03fiC1OPll5h/0sO6neh2jqRDVHOQ4o/LMea0tgCkbMgea5ip/e+MkWyg==
  dependencies:
    spdx-exceptions "^2.1.0"
    spdx-license-ids "^3.0.0"

spdx-license-ids@^3.0.0:
  version "3.0.5"
  resolved "https://registry.yarnpkg.com/spdx-license-ids/-/spdx-license-ids-3.0.5.tgz#3694b5804567a458d3c8045842a6358632f62654"
  integrity sha512-J+FWzZoynJEXGphVIS+XEh3kFSjZX/1i9gFBaWQcB+/tmpe2qUsSBABpcxqxnAxFdiUFEgAX1bjYGQvIZmoz9Q==

sprintf-js@~1.0.2:
  version "1.0.3"
  resolved "https://registry.yarnpkg.com/sprintf-js/-/sprintf-js-1.0.3.tgz#04e6926f662895354f3dd015203633b857297e2c"
  integrity sha1-BOaSb2YolTVPPdAVIDYzuFcpfiw=

string.prototype.trimleft@^2.1.1:
  version "2.1.1"
  resolved "https://registry.yarnpkg.com/string.prototype.trimleft/-/string.prototype.trimleft-2.1.1.tgz#9bdb8ac6abd6d602b17a4ed321870d2f8dcefc74"
  integrity sha512-iu2AGd3PuP5Rp7x2kEZCrB2Nf41ehzh+goo8TV7z8/XDBbsvc6HQIlUl9RjkZ4oyrW1XM5UwlGl1oVEaDjg6Ag==
  dependencies:
    define-properties "^1.1.3"
    function-bind "^1.1.1"

string.prototype.trimright@^2.1.1:
  version "2.1.1"
  resolved "https://registry.yarnpkg.com/string.prototype.trimright/-/string.prototype.trimright-2.1.1.tgz#440314b15996c866ce8a0341894d45186200c5d9"
  integrity sha512-qFvWL3/+QIgZXVmJBfpHmxLB7xsUXz6HsUmP8+5dRaC3Q7oKUv9Vo6aMCRZC1smrtyECFsIT30PqBJ1gTjAs+g==
  dependencies:
    define-properties "^1.1.3"
    function-bind "^1.1.1"

string_decoder@~1.1.1:
  version "1.1.1"
  resolved "https://registry.yarnpkg.com/string_decoder/-/string_decoder-1.1.1.tgz#9cf1611ba62685d7030ae9e4ba34149c3af03fc8"
  integrity sha512-n/ShnvDi6FHbbVfviro+WojiFzv+s8MPMHBczVePfUpDJLwoLT0ht1l4YwBCbi8pJAveEEdnkHyPyTP/mzRfwg==
  dependencies:
    safe-buffer "~5.1.0"

strip-json-comments@~2.0.1:
  version "2.0.1"
  resolved "https://registry.yarnpkg.com/strip-json-comments/-/strip-json-comments-2.0.1.tgz#3c531942e908c2697c0ec344858c286c7ca0a60a"
  integrity sha1-PFMZQukIwml8DsNEhYwobHygpgo=

timed-out@^3.0.0:
  version "3.1.3"
  resolved "https://registry.yarnpkg.com/timed-out/-/timed-out-3.1.3.tgz#95860bfcc5c76c277f8f8326fd0f5b2e20eba217"
  integrity sha1-lYYL/MXHbCd/j4Mm/Q9bLiDrohc=

tmp@0.0.28:
  version "0.0.28"
  resolved "https://registry.yarnpkg.com/tmp/-/tmp-0.0.28.tgz#172735b7f614ea7af39664fa84cf0de4e515d120"
  integrity sha1-Fyc1t/YU6nrzlmT6hM8N5OUV0SA=
  dependencies:
    os-tmpdir "~1.0.1"

transform-props@^1.0.1:
  version "1.0.1"
  resolved "https://registry.yarnpkg.com/transform-props/-/transform-props-1.0.1.tgz#c98ea32d76031f9b83561b1575dffb58b39a7b1c"
  integrity sha1-yY6jLXYDH5uDVhsVdd/7WLOaexw=

tweetnacl@^1.0.0:
  version "1.0.2"
  resolved "https://registry.yarnpkg.com/tweetnacl/-/tweetnacl-1.0.2.tgz#39fba8d1f7a34706a3fc1fd8c04afcad7bb9e689"
  integrity sha512-+8aPRjmXgf1VqvyxSlBUzKzeYqVS9Ai8vZ28g+mL7dNQl1jlUTCMDZnvNQdAS1xTywMkIXwJsfipsR/6s2+syw==

typpy@^2.0.0, typpy@^2.1.0, typpy@^2.2.0, typpy@^2.3.4:
  version "2.3.11"
  resolved "https://registry.yarnpkg.com/typpy/-/typpy-2.3.11.tgz#21a0d22c96fb646306e08b6c669ad43608e1b3b9"
  integrity sha512-Jh/fykZSaxeKO0ceMAs6agki9T5TNA9kiIR6fzKbvafKpIw8UlNlHhzuqKyi5lfJJ5VojJOx9tooIbyy7vHV/g==
  dependencies:
    function.name "^1.0.3"

ul@^5.0.0:
  version "5.2.14"
  resolved "https://registry.yarnpkg.com/ul/-/ul-5.2.14.tgz#560abd28d0f9762010b0e7a84a56e7208166f61a"
  integrity sha512-VaIRQZ5nkEd8VtI3OYo5qNbhHQuBtPtu5k5GrYaKCmcP1H+FkuWtS+XFTSU1oz5GiuAg2FJL5ka8ufr9zdm8eg==
  dependencies:
    deffy "^2.2.2"
    typpy "^2.3.4"

unzip-response@^1.0.2:
  version "1.0.2"
  resolved "https://registry.yarnpkg.com/unzip-response/-/unzip-response-1.0.2.tgz#b984f0877fc0a89c2c773cc1ef7b5b232b5b06fe"
  integrity sha1-uYTwh3/AqJwsdzzB73tbIytbBv4=

url-parse-lax@^1.0.0:
  version "1.0.0"
  resolved "https://registry.yarnpkg.com/url-parse-lax/-/url-parse-lax-1.0.0.tgz#7af8f303645e9bd79a272e7a14ac68bc0609da73"
  integrity sha1-evjzA2Rem9eaJy56FKxovAYJ2nM=
  dependencies:
    prepend-http "^1.0.1"

util-deprecate@~1.0.1:
  version "1.0.2"
  resolved "https://registry.yarnpkg.com/util-deprecate/-/util-deprecate-1.0.2.tgz#450d4dc9fa70de732762fbd2d4a28981419a0ccf"
  integrity sha1-RQ1Nyfpw3nMnYvvS1KKJgUGaDM8=

util@^0.10.3:
  version "0.10.4"
  resolved "https://registry.yarnpkg.com/util/-/util-0.10.4.tgz#3aa0125bfe668a4672de58857d3ace27ecb76901"
  integrity sha512-0Pm9hTQ3se5ll1XihRic3FDIku70C+iHUdT/W926rSgHV5QgXsYbKZN8MSC3tJtSkhuROzvsQjAaFENRXr+19A==
  dependencies:
    inherits "2.0.3"

util@^0.12.1:
  version "0.12.1"
  resolved "https://registry.yarnpkg.com/util/-/util-0.12.1.tgz#f908e7b633e7396c764e694dd14e716256ce8ade"
  integrity sha512-MREAtYOp+GTt9/+kwf00IYoHZyjM8VU4aVrkzUlejyqaIjd2GztVl5V9hGXKlvBKE3gENn/FMfHE5v6hElXGcQ==
  dependencies:
    inherits "^2.0.3"
    is-arguments "^1.0.4"
    is-generator-function "^1.0.7"
    object.entries "^1.1.0"
    safe-buffer "^5.1.2"

validate-npm-package-license@^3.0.1:
  version "3.0.4"
  resolved "https://registry.yarnpkg.com/validate-npm-package-license/-/validate-npm-package-license-3.0.4.tgz#fc91f6b9c7ba15c857f4cb2c5defeec39d4f410a"
  integrity sha512-DpKm2Ui/xN7/HQKCtpZxoRWBhZ9Z0kqtygG8XCgNQ8ZlDnxuQmWhj566j8fN4Cu3/JmbhsDo7fcAJq4s9h27Ew==
  dependencies:
    spdx-correct "^3.0.0"
    spdx-expression-parse "^3.0.0"

ws@^6.0.0:
  version "6.2.1"
  resolved "https://registry.yarnpkg.com/ws/-/ws-6.2.1.tgz#442fdf0a47ed64f59b6a5d8ff130f4748ed524fb"
  integrity sha512-GIyAXC2cB7LjvpgMt9EKS2ldqr0MTrORaleiOno6TweZ6r3TKtoFQWay/2PceJ3RuBasOHzXNn5Lrw1X0bEjqA==
  dependencies:
    async-limiter "~1.0.0"
